
Microsoft Visual Studio Solution File, Format Version 12.00
# Visual Studio 15
VisualStudioVersion = 15.0.27130.2027
MinimumVisualStudioVersion = 10.0.40219.1
Project("{FAE04EC0-301F-11D3-BF4B-00C04F79EFBC}") = "Lab1.2", "Lab1.2\Lab1.2.csproj", "{903F0E66-C726-4169-98C4-BE60FE0D4F2A}"
EndProject
Global
	GlobalSection(SolutionConfigurationPlatforms) = preSolution
		Debug|Any CPU = Debug|Any CPU
		Release|Any CPU = Release|Any CPU
	EndGlobalSection
	GlobalSection(ProjectConfigurationPlatforms) = postSolution
		{903F0E66-C726-4169-98C4-BE60FE0D4F2A}.Debug|Any CPU.ActiveCfg = Debug|Any CPU
		{903F0E66-C726-4169-98C4-BE60FE0D4F2A}.Debug|Any CPU.Build.0 = Debug|Any CPU
		{903F0E66-C726-4169-98C4-BE60FE0D4F2A}.Release|Any CPU.ActiveCfg = Release|Any CPU
		{903F0E66-C726-4169-98C4-BE60FE0D4F2A}.Release|Any CPU.Build.0 = Release|Any CPU
	EndGlobalSection
	GlobalSection(SolutionProperties) = preSolution
		HideSolutionNode = FALSE
	EndGlobalSection
	GlobalSection(ExtensibilityGlobals) = postSolution
		SolutionGuid = {68BA8A60-8564-488F-86AB-D6B910117482}
	EndGlobalSection
EndGlobal
